
Microsoft Visual Studio Solution File, Format Version 12.00
# Visual Studio Version 17
VisualStudioVersion = 17.3.32901.215
MinimumVisualStudioVersion = 10.0.40219.1
Project("{FAE04EC0-301F-11D3-BF4B-00C04F79EFBC}") = "GcCollector", "GcCollector\GcCollector.csproj", "{64BAAFC0-E088-45F4-B8C3-C18F8A39D24B}"
EndProject
Global
	GlobalSection(SolutionConfigurationPlatforms) = preSolution
		Debug|Any CPU = Debug|Any CPU
		Release|Any CPU = Release|Any CPU
	EndGlobalSection
	GlobalSection(ProjectConfigurationPlatforms) = postSolution
		{64BAAFC0-E088-45F4-B8C3-C18F8A39D24B}.Debug|Any CPU.ActiveCfg = Debug|Any CPU
		{64BAAFC0-E088-45F4-B8C3-C18F8A39D24B}.Debug|Any CPU.Build.0 = Debug|Any CPU
		{64BAAFC0-E088-45F4-B8C3-C18F8A39D24B}.Release|Any CPU.ActiveCfg = Release|Any CPU
		{64BAAFC0-E088-45F4-B8C3-C18F8A39D24B}.Release|Any CPU.Build.0 = Release|Any CPU
	EndGlobalSection
	GlobalSection(SolutionProperties) = preSolution
		HideSolutionNode = FALSE
	EndGlobalSection
	GlobalSection(ExtensibilityGlobals) = postSolution
		SolutionGuid = {76ACB5DF-CA5E-4944-9B97-2D480E1F3E45}
	EndGlobalSection
EndGlobal
